version = 1
revision = 3
requires-python = "==3.11.*"

[[package]]
name = "certifi"
version = "2026.5.20"
source = { registry = "https://pypi.org/simple" }
sdist = { url = "https://files.pythonhosted.org/packages/f3/ce/ee2ecad540810a79593028e88299baeae54d346cc7a0d94b6199988b89b1/certifi-2026.5.20.tar.gz", hash = "sha256:69dea482ab64caa7b9f6aba1c6bf48bb6a5448d1c0f1b17ab42ad8c763a5344d", size = 135422, upload-time = "2026-05-20T11:46:50.073Z" }
wheels = [
    { url = "https://files.pythonhosted.org/packages/59/8c/57e832b7af6d7c5abe66eb3fbe3a3a32f4d11ea23a1aa7131371035be991/certifi-2026.5.20-py3-none-any.whl", hash = "sha256:3c52e209ba0a4ad7aebe60436a4ab349c39e1e602e8c134221e546902ad25897", size = 134134, upload-time = "2026-05-20T11:46:48.578Z" },
]

[[package]]
name = "cffi"
version = "2.0.0"
source = { registry = "https://pypi.org/simple" }
dependencies = [
    { name = "pycparser", marker = "implementation_name != 'PyPy'" },
]
sdist = { url = "https://files.pythonhosted.org/packages/eb/56/b1ba7935a17738ae8453301356628e8147c79dbb825bcbc73dc7401f9846/cffi-2.0.0.tar.gz", hash = "sha256:44d1b5909021139fe36001ae048dbdde8214afa20200eda0f64c068cac5d5529", size = 523588, upload-time = "2025-09-08T23:24:04.541Z" }
wheels = [
    { url = "https://files.pythonhosted.org/packages/12/4a/3dfd5f7850cbf0d06dc84ba9aa00db766b52ca38d8b86e3a38314d52498c/cffi-2.0.0-cp311-cp311-macosx_10_13_x86_64.whl", hash = "sha256:b4c854ef3adc177950a8dfc81a86f5115d2abd545751a304c5bcf2c2c7283cfe", size = 184344, upload-time = "2025-09-08T23:22:26.456Z" },
    { url = "https://files.pythonhosted.org/packages/4f/8b/f0e4c441227ba756aafbe78f117485b25bb26b1c059d01f137fa6d14896b/cffi-2.0.0-cp311-cp311-macosx_11_0_arm64.whl", hash = "sha256:2de9a304e27f7596cd03d16f1b7c72219bd944e99cc52b84d0145aefb07cbd3c", size = 180560, upload-time = "2025-09-08T23:22:28.197Z" },
    { url = "https://files.pythonhosted.org/packages/b1/b7/1200d354378ef52ec227395d95c2576330fd22a869f7a70e88e1447eb234/cffi-2.0.0-cp311-cp311-manylinux1_i686.manylinux2014_i686.manylinux_2_17_i686.manylinux_2_5_i686.whl", hash = "sha256:baf5215e0ab74c16e2dd324e8ec067ef59e41125d3eade2b863d294fd5035c92", size = 209613, upload-time = "2025-09-08T23:22:29.475Z" },
    { url = "https://files.pythonhosted.org/packages/b8/56/6033f5e86e8cc9bb629f0077ba71679508bdf54a9a5e112a3c0b91870332/cffi-2.0.0-cp311-cp311-manylinux2014_aarch64.manylinux_2_17_aarch64.whl", hash = "sha256:730cacb21e1bdff3ce90babf007d0a0917cc3e6492f336c2f0134101e0944f93", size = 216476, upload-time = "2025-09-08T23:22:31.063Z" },
    { url = "https://files.pythonhosted.org/packages/dc/7f/55fecd70f7ece178db2f26128ec41430d8720f2d12ca97bf8f0a628207d5/cffi-2.0.0-cp311-cp311-manylinux2014_ppc64le.manylinux_2_17_ppc64le.whl", hash = "sha256:6824f87845e3396029f3820c206e459ccc91760e8fa24422f8b0c3d1731cbec5", size = 203374, upload-time = "2025-09-08T23:22:32.507Z" },
    { url = "https://files.pythonhosted.org/packages/84/ef/a7b77c8bdc0f77adc3b46888f1ad54be8f3b7821697a7b89126e829e676a/cffi-2.0.0-cp311-cp311-manylinux2014_s390x.manylinux_2_17_s390x.whl", hash = "sha256:9de40a7b0323d889cf8d23d1ef214f565ab154443c42737dfe52ff82cf857664", size = 202597, upload-time = "2025-09-08T23:22:34.132Z" },
    { url = "https://files.pythonhosted.org/packages/d7/91/500d892b2bf36529a75b77958edfcd5ad8e2ce4064ce2ecfeab2125d72d1/cffi-2.0.0-cp311-cp311-manylinux2014_x86_64.manylinux_2_17_x86_64.whl", hash = "sha256:8941aaadaf67246224cee8c3803777eed332a19d909b47e29c9842ef1e79ac26", size = 215574, upload-time = "2025-09-08T23:22:35.443Z" },
    { url = "https://files.pythonhosted.org/packages/44/64/58f6255b62b101093d5df22dcb752596066c7e89dd725e0afaed242a61be/cffi-2.0.0-cp311-cp311-musllinux_1_2_aarch64.whl", hash = "sha256:a05d0c237b3349096d3981b727493e22147f934b20f6f125a3eba8f994bec4a9", size = 218971, upload-time = "2025-09-08T23:22:36.805Z" },
    { url = "https://files.pythonhosted.org/packages/ab/49/fa72cebe2fd8a55fbe14956f9970fe8eb1ac59e5df042f603ef7c8ba0adc/cffi-2.0.0-cp311-cp311-musllinux_1_2_i686.whl", hash = "sha256:94698a9c5f91f9d138526b48fe26a199609544591f859c870d477351dc7b2414", size = 211972, upload-time = "2025-09-08T23:22:38.436Z" },
    { url = "https://files.pythonhosted.org/packages/0b/28/dd0967a76aab36731b6ebfe64dec4e981aff7e0608f60c2d46b46982607d/cffi-2.0.0-cp311-cp311-musllinux_1_2_x86_64.whl", hash = "sha256:5fed36fccc0612a53f1d4d9a816b50a36702c28a2aa880cb8a122b3466638743", size = 217078, upload-time = "2025-09-08T23:22:39.776Z" },
    { url = "https://files.pythonhosted.org/packages/2b/c0/015b25184413d7ab0a410775fdb4a50fca20f5589b5dab1dbbfa3baad8ce/cffi-2.0.0-cp311-cp311-win32.whl", hash = "sha256:c649e3a33450ec82378822b3dad03cc228b8f5963c0c12fc3b1e0ab940f768a5", size = 172076, upload-time = "2025-09-08T23:22:40.95Z" },
    { url = "https://files.pythonhosted.org/packages/ae/8f/dc5531155e7070361eb1b7e4c1a9d896d0cb21c49f807a6c03fd63fc877e/cffi-2.0.0-cp311-cp311-win_amd64.whl", hash = "sha256:66f011380d0e49ed280c789fbd08ff0d40968ee7b665575489afa95c98196ab5", size = 182820, upload-time = "2025-09-08T23:22:42.463Z" },
    { url = "https://files.pythonhosted.org/packages/95/5c/1b493356429f9aecfd56bc171285a4c4ac8697f76e9bbbbb105e537853a1/cffi-2.0.0-cp311-cp311-win_arm64.whl", hash = "sha256:c6638687455baf640e37344fe26d37c404db8b80d037c3d29f58fe8d1c3b194d", size = 177635, upload-time = "2025-09-08T23:22:43.623Z" },
]

[[package]]
name = "chardet"
version = "7.4.3"
source = { registry = "https://pypi.org/simple" }
sdist = { url = "https://files.pythonhosted.org/packages/19/b6/9df434a8eeba2e6628c465a1dfa31034228ef79b26f76f46278f4ef7e49d/chardet-7.4.3.tar.gz", hash = "sha256:cc1d4eb92a4ec1c2df3b490836ffa46922e599d34ce0bb75cf41fd2bf6303d56", size = 784800, upload-time = "2026-04-13T21:33:39.803Z" }
wheels = [
    { url = "https://files.pythonhosted.org/packages/19/52/505c207f334d51e937cbaa27ff95776e16e2d120e13cbe491cd7b3a70b50/chardet-7.4.3-cp311-cp311-macosx_10_9_x86_64.whl", hash = "sha256:25a862cddc6a9ac07023e808aedd297115345fbaabc2690479481ddc0f980e09", size = 870747, upload-time = "2026-04-13T21:32:56.916Z" },
    { url = "https://files.pythonhosted.org/packages/14/4b/d3c79495dee4831b8bebca2790e72cb90f0c5849c940570a7c7e5b70b952/chardet-7.4.3-cp311-cp311-macosx_11_0_arm64.whl", hash = "sha256:7005c88da26fd95d8abb8acbe6281d833e9a9181b03cf49b4546c4555389bd97", size = 853210, upload-time = "2026-04-13T21:32:58.309Z" },
    { url = "https://files.pythonhosted.org/packages/b9/99/f6a822ad1bde25a4c38dc3e770485e78e0893dfd871cd6e18ed3ea3a795e/chardet-7.4.3-cp311-cp311-manylinux2014_aarch64.manylinux_2_17_aarch64.manylinux_2_28_aarch64.whl", hash = "sha256:dc50f28bad067393cce0af9091052c3b8df7a23115afd8ba7b2e0947f0cef1f8", size = 873625, upload-time = "2026-04-13T21:32:59.606Z" },
    { url = "https://files.pythonhosted.org/packages/b1/10/31932775c94a86814f76b41c4a772b52abfb0e6125324f32c6da1196c297/chardet-7.4.3-cp311-cp311-manylinux2014_x86_64.manylinux_2_17_x86_64.manylinux_2_28_x86_64.whl", hash = "sha256:4c3da294de1a681097848ab58bd3f2771a674f8039d2d87a5538b28856b815e9", size = 883436, upload-time = "2026-04-13T21:33:01.351Z" },
    { url = "https://files.pythonhosted.org/packages/6c/63/0f43e3acf2c436fdb32a0f904aeb03a2904d2126eed34a042a194d235926/chardet-7.4.3-cp311-cp311-manylinux_2_31_riscv64.manylinux_2_39_riscv64.whl", hash = "sha256:93c45e116dd51b66226a53ade3f9f635e870de5399b90e00ce45dcc311093bf4", size = 876589, upload-time = "2026-04-13T21:33:02.636Z" },
    { url = "https://files.pythonhosted.org/packages/5d/a6/e9b8f8a3e99602792b01fa7d0a731737615ab56d8bfd0b52935a0ef88b85/chardet-7.4.3-cp311-cp311-win_amd64.whl", hash = "sha256:ccc1f83ab4bcfb901cf39e0c4ba6bc6e726fc6264735f10e24ceb5cb47387578", size = 941866, upload-time = "2026-04-13T21:33:04.282Z" },
    { url = "https://files.pythonhosted.org/packages/8c/6c/0a40afdb50a0fe041ab95553b835a8160b6cf0e81edf2ae2fe9f5224cbf9/chardet-7.4.3-py3-none-any.whl", hash = "sha256:1173b74051570cf08099d7429d92e4882d375ad4217f92a6e5240ccfb26f231e", size = 626562, upload-time = "2026-04-13T21:33:38.559Z" },
]

[[package]]
name = "charset-normalizer"
version = "3.4.7"
source = { registry = "https://pypi.org/simple" }
sdist = { url = "https://files.pythonhosted.org/packages/e7/a1/67fe25fac3c7642725500a3f6cfe5821ad557c3abb11c9d20d12c7008d3e/charset_normalizer-3.4.7.tar.gz", hash = "sha256:ae89db9e5f98a11a4bf50407d4363e7b09b31e55bc117b4f7d80aab97ba009e5", size = 144271, upload-time = "2026-04-02T09:28:39.342Z" }
wheels = [
    { url = "https://files.pythonhosted.org/packages/c2/d7/b5b7020a0565c2e9fa8c09f4b5fa6232feb326b8c20081ccded47ea368fd/charset_normalizer-3.4.7-cp311-cp311-macosx_10_9_universal2.whl", hash = "sha256:7641bb8895e77f921102f72833904dcd9901df5d6d72a2ab8f31d04b7e51e4e7", size = 309705, upload-time = "2026-04-02T09:26:02.191Z" },
    { url = "https://files.pythonhosted.org/packages/5a/53/58c29116c340e5456724ecd2fff4196d236b98f3da97b404bc5e51ac3493/charset_normalizer-3.4.7-cp311-cp311-manylinux2014_aarch64.manylinux_2_17_aarch64.manylinux_2_28_aarch64.whl", hash = "sha256:202389074300232baeb53ae2569a60901f7efadd4245cf3a3bf0617d60b439d7", size = 206419, upload-time = "2026-04-02T09:26:03.583Z" },
    { url = "https://files.pythonhosted.org/packages/b2/02/e8146dc6591a37a00e5144c63f29fb7c97a734ea8a111190783c0e60ab63/charset_normalizer-3.4.7-cp311-cp311-manylinux2014_ppc64le.manylinux_2_17_ppc64le.manylinux_2_28_ppc64le.whl", hash = "sha256:30b8d1d8c52a48c2c5690e152c169b673487a2a58de1ec7393196753063fcd5e", size = 227901, upload-time = "2026-04-02T09:26:04.738Z" },
    { url = "https://files.pythonhosted.org/packages/fb/73/77486c4cd58f1267bf17db420e930c9afa1b3be3fe8c8b8ebbebc9624359/charset_normalizer-3.4.7-cp311-cp311-manylinux2014_s390x.manylinux_2_17_s390x.manylinux_2_28_s390x.whl", hash = "sha256:532bc9bf33a68613fd7d65e4b1c71a6a38d7d42604ecf239c77392e9b4e8998c", size = 222742, upload-time = "2026-04-02T09:26:06.36Z" },
    { url = "https://files.pythonhosted.org/packages/a1/fa/f74eb381a7d94ded44739e9d94de18dc5edc9c17fb8c11f0a6890696c0a9/charset_normalizer-3.4.7-cp311-cp311-manylinux2014_x86_64.manylinux_2_17_x86_64.manylinux_2_28_x86_64.whl", hash = "sha256:2fe249cb4651fd12605b7288b24751d8bfd46d35f12a20b1ba33dea122e690df", size = 214061, upload-time = "2026-04-02T09:26:08.347Z" },
    { url = "https://files.pythonhosted.org/packages/dc/92/42bd3cefcf7687253fb86694b45f37b733c97f59af3724f356fa92b8c344/charset_normalizer-3.4.7-cp311-cp311-manylinux_2_31_armv7l.whl", hash = "sha256:65bcd23054beab4d166035cabbc868a09c1a49d1efe458fe8e4361215df40265", size = 199239, upload-time = "2026-04-02T09:26:09.823Z" },
    { url = "https://files.pythonhosted.org/packages/4c/3d/069e7184e2aa3b3cddc700e3dd267413dc259854adc3380421c805c6a17d/charset_normalizer-3.4.7-cp311-cp311-manylinux_2_31_riscv64.manylinux_2_39_riscv64.whl", hash = "sha256:08e721811161356f97b4059a9ba7bafb23ea5ee2255402c42881c214e173c6b4", size = 210173, upload-time = "2026-04-02T09:26:10.953Z" },
    { url = "https://files.pythonhosted.org/packages/62/51/9d56feb5f2e7074c46f93e0ebdbe61f0848ee246e2f0d89f8e20b89ebb8f/charset_normalizer-3.4.7-cp311-cp311-musllinux_1_2_aarch64.whl", hash = "sha256:e060d01aec0a910bdccb8be71faf34e7799ce36950f8294c8bf612cba65a2c9e", size = 209841, upload-time = "2026-04-02T09:26:12.142Z" },
    { url = "https://files.pythonhosted.org/packages/d2/59/893d8f99cc4c837dda1fe2f1139079703deb9f321aabcb032355de13b6c7/charset_normalizer-3.4.7-cp311-cp311-musllinux_1_2_armv7l.whl", hash = "sha256:38c0109396c4cfc574d502df99742a45c72c08eff0a36158b6f04000043dbf38", size = 200304, upload-time = "2026-04-02T09:26:13.711Z" },
    { url = "https://files.pythonhosted.org/packages/7d/1d/ee6f3be3464247578d1ed5c46de545ccc3d3ff933695395c402c21fa6b77/charset_normalizer-3.4.7-cp311-cp311-musllinux_1_2_ppc64le.whl", hash = "sha256:1c2a768fdd44ee4a9339a9b0b130049139b8ce3c01d2ce09f67f5a68048d477c", size = 229455, upload-time = "2026-04-02T09:26:14.941Z" },
    { url = "https://files.pythonhosted.org/packages/54/bb/8fb0a946296ea96a488928bdce8ef99023998c48e4713af533e9bb98ef07/charset_normalizer-3.4.7-cp311-cp311-musllinux_1_2_riscv64.whl", hash = "sha256:1a87ca9d5df6fe460483d9a5bbf2b18f620cbed41b432e2bddb686228282d10b", size = 210036, upload-time = "2026-04-02T09:26:16.478Z" },
    { url = "https://files.pythonhosted.org/packages/9a/bc/015b2387f913749f82afd4fcba07846d05b6d784dd16123cb66860e0237d/charset_normalizer-3.4.7-cp311-cp311-musllinux_1_2_s390x.whl", hash = "sha256:d635aab80466bc95771bb78d5370e74d36d1fe31467b6b29b8b57b2a3cd7d22c", size = 224739, upload-time = "2026-04-02T09:26:17.751Z" },
    { url = "https://files.pythonhosted.org/packages/17/ab/63133691f56baae417493cba6b7c641571a2130eb7bceba6773367ab9ec5/charset_normalizer-3.4.7-cp311-cp311-musllinux_1_2_x86_64.whl", hash = "sha256:ae196f021b5e7c78e918242d217db021ed2a6ace2bc6ae94c0fc596221c7f58d", size = 216277, upload-time = "2026-04-02T09:26:18.981Z" },
    { url = "https://files.pythonhosted.org/packages/06/6d/3be70e827977f20db77c12a97e6a9f973631a45b8d186c084527e53e77a4/charset_normalizer-3.4.7-cp311-cp311-win32.whl", hash = "sha256:adb2597b428735679446b46c8badf467b4ca5f5056aae4d51a19f9570301b1ad", size = 147819, upload-time = "2026-04-02T09:26:20.295Z" },
    { url = "https://files.pythonhosted.org/packages/20/d9/5f67790f06b735d7c7637171bbfd89882ad67201891b7275e51116ed8207/charset_normalizer-3.4.7-cp311-cp311-win_amd64.whl", hash = "sha256:8e385e4267ab76874ae30db04c627faaaf0b509e1ccc11a95b3fc3e83f855c00", size = 159281, upload-time = "2026-04-02T09:26:21.74Z" },
    { url = "https://files.pythonhosted.org/packages/ca/83/6413f36c5a34afead88ce6f66684d943d91f233d76dd083798f9602b75ae/charset_normalizer-3.4.7-cp311-cp311-win_arm64.whl", hash = "sha256:d4a48e5b3c2a489fae013b7589308a40146ee081f6f509e047e0e096084ceca1", size = 147843, upload-time = "2026-04-02T09:26:22.901Z" },
    { url = "https://files.pythonhosted.org/packages/db/8f/61959034484a4a7c527811f4721e75d02d653a35afb0b6054474d8185d4c/charset_normalizer-3.4.7-py3-none-any.whl", hash = "sha256:3dce51d0f5e7951f8bb4900c257dad282f49190fdbebecd4ba99bcc41fef404d", size = 61958, upload-time = "2026-04-02T09:28:37.794Z" },
]

[[package]]
name = "cryptography"
version = "43.0.3"
source = { registry = "https://pypi.org/simple" }
dependencies = [
    { name = "cffi", marker = "platform_python_implementation != 'PyPy'" },
]
sdist = { url = "https://files.pythonhosted.org/packages/0d/05/07b55d1fa21ac18c3a8c79f764e2514e6f6a9698f1be44994f5adf0d29db/cryptography-43.0.3.tar.gz", hash = "sha256:315b9001266a492a6ff443b61238f956b214dbec9910a081ba5b6646a055a805", size = 686989, upload-time = "2024-10-18T15:58:32.918Z" }
wheels = [
    { url = "https://files.pythonhosted.org/packages/1f/f3/01fdf26701a26f4b4dbc337a26883ad5bccaa6f1bbbdd29cd89e22f18a1c/cryptography-43.0.3-cp37-abi3-macosx_10_9_universal2.whl", hash = "sha256:bf7a1932ac4176486eab36a19ed4c0492da5d97123f1406cf15e41b05e787d2e", size = 6225303, upload-time = "2024-10-18T15:57:36.753Z" },
    { url = "https://files.pythonhosted.org/packages/a3/01/4896f3d1b392025d4fcbecf40fdea92d3df8662123f6835d0af828d148fd/cryptography-43.0.3-cp37-abi3-manylinux_2_17_aarch64.manylinux2014_aarch64.whl", hash = "sha256:63efa177ff54aec6e1c0aefaa1a241232dcd37413835a9b674b6e3f0ae2bfd3e", size = 3760905, upload-time = "2024-10-18T15:57:39.166Z" },
    { url = "https://files.pythonhosted.org/packages/0a/be/f9a1f673f0ed4b7f6c643164e513dbad28dd4f2dcdf5715004f172ef24b6/cryptography-43.0.3-cp37-abi3-manylinux_2_17_x86_64.manylinux2014_x86_64.whl", hash = "sha256:7e1ce50266f4f70bf41a2c6dc4358afadae90e2a1e5342d3c08883df1675374f", size = 3977271, upload-time = "2024-10-18T15:57:41.227Z" },
    { url = "https://files.pythonhosted.org/packages/4e/49/80c3a7b5514d1b416d7350830e8c422a4d667b6d9b16a9392ebfd4a5388a/cryptography-43.0.3-cp37-abi3-manylinux_2_28_aarch64.whl", hash = "sha256:443c4a81bb10daed9a8f334365fe52542771f25aedaf889fd323a853ce7377d6", size = 3746606, upload-time = "2024-10-18T15:57:42.903Z" },
    { url = "https://files.pythonhosted.org/packages/0e/16/a28ddf78ac6e7e3f25ebcef69ab15c2c6be5ff9743dd0709a69a4f968472/cryptography-43.0.3-cp37-abi3-manylinux_2_28_x86_64.whl", hash = "sha256:74f57f24754fe349223792466a709f8e0c093205ff0dca557af51072ff47ab18", size = 3986484, upload-time = "2024-10-18T15:57:45.434Z" },
    { url = "https://files.pythonhosted.org/packages/01/f5/69ae8da70c19864a32b0315049866c4d411cce423ec169993d0434218762/cryptography-43.0.3-cp37-abi3-musllinux_1_2_aarch64.whl", hash = "sha256:9762ea51a8fc2a88b70cf2995e5675b38d93bf36bd67d91721c309df184f49bd", size = 3852131, upload-time = "2024-10-18T15:57:47.267Z" },
    { url = "https://files.pythonhosted.org/packages/fd/db/e74911d95c040f9afd3612b1f732e52b3e517cb80de8bf183be0b7d413c6/cryptography-43.0.3-cp37-abi3-musllinux_1_2_x86_64.whl", hash = "sha256:81ef806b1fef6b06dcebad789f988d3b37ccaee225695cf3e07648eee0fc6b73", size = 4075647, upload-time = "2024-10-18T15:57:49.684Z" },
    { url = "https://files.pythonhosted.org/packages/56/48/7b6b190f1462818b324e674fa20d1d5ef3e24f2328675b9b16189cbf0b3c/cryptography-43.0.3-cp37-abi3-win32.whl", hash = "sha256:cbeb489927bd7af4aa98d4b261af9a5bc025bd87f0e3547e11584be9e9427be2", size = 2623873, upload-time = "2024-10-18T15:57:51.822Z" },
    { url = "https://files.pythonhosted.org/packages/eb/b1/0ebff61a004f7f89e7b65ca95f2f2375679d43d0290672f7713ee3162aff/cryptography-43.0.3-cp37-abi3-win_amd64.whl", hash = "sha256:f46304d6f0c6ab8e52770addfa2fc41e6629495548862279641972b6215451cd", size = 3068039, upload-time = "2024-10-18T15:57:54.426Z" },
    { url = "https://files.pythonhosted.org/packages/30/d5/c8b32c047e2e81dd172138f772e81d852c51f0f2ad2ae8a24f1122e9e9a7/cryptography-43.0.3-cp39-abi3-macosx_10_9_universal2.whl", hash = "sha256:8ac43ae87929a5982f5948ceda07001ee5e83227fd69cf55b109144938d96984", size = 6222984, upload-time = "2024-10-18T15:57:56.174Z" },
    { url = "https://files.pythonhosted.org/packages/2f/78/55356eb9075d0be6e81b59f45c7b48df87f76a20e73893872170471f3ee8/cryptography-43.0.3-cp39-abi3-manylinux_2_17_aarch64.manylinux2014_aarch64.whl", hash = "sha256:846da004a5804145a5f441b8530b4bf35afbf7da70f82409f151695b127213d5", size = 3762968, upload-time = "2024-10-18T15:57:58.206Z" },
    { url = "https://files.pythonhosted.org/packages/2a/2c/488776a3dc843f95f86d2f957ca0fc3407d0242b50bede7fad1e339be03f/cryptography-43.0.3-cp39-abi3-manylinux_2_17_x86_64.manylinux2014_x86_64.whl", hash = "sha256:0f996e7268af62598f2fc1204afa98a3b5712313a55c4c9d434aef49cadc91d4", size = 3977754, upload-time = "2024-10-18T15:58:00.683Z" },
    { url = "https://files.pythonhosted.org/packages/7c/04/2345ca92f7a22f601a9c62961741ef7dd0127c39f7310dffa0041c80f16f/cryptography-43.0.3-cp39-abi3-manylinux_2_28_aarch64.whl", hash = "sha256:f7b178f11ed3664fd0e995a47ed2b5ff0a12d893e41dd0494f406d1cf555cab7", size = 3749458, upload-time = "2024-10-18T15:58:02.225Z" },
    { url = "https://files.pythonhosted.org/packages/ac/25/e715fa0bc24ac2114ed69da33adf451a38abb6f3f24ec207908112e9ba53/cryptography-43.0.3-cp39-abi3-manylinux_2_28_x86_64.whl", hash = "sha256:c2e6fc39c4ab499049df3bdf567f768a723a5e8464816e8f009f121a5a9f4405", size = 3988220, upload-time = "2024-10-18T15:58:04.331Z" },
    { url = "https://files.pythonhosted.org/packages/21/ce/b9c9ff56c7164d8e2edfb6c9305045fbc0df4508ccfdb13ee66eb8c95b0e/cryptography-43.0.3-cp39-abi3-musllinux_1_2_aarch64.whl", hash = "sha256:e1be4655c7ef6e1bbe6b5d0403526601323420bcf414598955968c9ef3eb7d16", size = 3853898, upload-time = "2024-10-18T15:58:06.113Z" },
    { url = "https://files.pythonhosted.org/packages/2a/33/b3682992ab2e9476b9c81fff22f02c8b0a1e6e1d49ee1750a67d85fd7ed2/cryptography-43.0.3-cp39-abi3-musllinux_1_2_x86_64.whl", hash = "sha256:df6b6c6d742395dd77a23ea3728ab62f98379eff8fb61be2744d4679ab678f73", size = 4076592, upload-time = "2024-10-18T15:58:08.673Z" },
    { url = "https://files.pythonhosted.org/packages/81/1e/ffcc41b3cebd64ca90b28fd58141c5f68c83d48563c88333ab660e002cd3/cryptography-43.0.3-cp39-abi3-win32.whl", hash = "sha256:d56e96520b1020449bbace2b78b603442e7e378a9b3bd68de65c782db1507995", size = 2623145, upload-time = "2024-10-18T15:58:10.264Z" },
    { url = "https://files.pythonhosted.org/packages/87/5c/3dab83cc4aba1f4b0e733e3f0c3e7d4386440d660ba5b1e3ff995feb734d/cryptography-43.0.3-cp39-abi3-win_amd64.whl", hash = "sha256:0c580952eef9bf68c4747774cde7ec1d85a6e61de97281f2dba83c7d2c806362", size = 3068026, upload-time = "2024-10-18T15:58:11.916Z" },
]

[[package]]
name = "environmentcommon"
version = "1.0.1"
source = { path = "../../../../packages/envcommon/whls/EnvironmentCommon-1.0.1-py2.py3-none-any.whl" }
wheels = [
    { filename = "environmentcommon-1.0.1-py2.py3-none-any.whl", hash = "sha256:a3652bd23029ca01c7acd8e424bfc69f1525d6a9da81c165cb35ac8d107e091e" },
]

[[package]]
name = "idna"
version = "3.16"
source = { registry = "https://pypi.org/simple" }
sdist = { url = "https://files.pythonhosted.org/packages/1a/88/bcf9709822fe69d02c2a6a77956c98ce6ea8ca8767a9aadcedc7eb6a2390/idna-3.16.tar.gz", hash = "sha256:d7a6da03db833450fca25d2358ac9ff06cd624577a4aea3a596d5c0f77b8e03d", size = 203770, upload-time = "2026-05-22T00:16:18.781Z" }
wheels = [
    { url = "https://files.pythonhosted.org/packages/94/16/70255075a9859a0e3adb789b68ceb0e210dec03934245fd98d248226572f/idna-3.16-py3-none-any.whl", hash = "sha256:cc246e3a3f89580c3a951b5ad298ca4638078b2cdd4f115654332b5c26daded5", size = 74165, upload-time = "2026-05-22T00:16:16.698Z" },
]

[[package]]
name = "office365managementapi"
version = "11.0"
source = { virtual = "." }
dependencies = [
    { name = "environmentcommon" },
    { name = "pyjwt" },
    { name = "pyopenssl" },
    { name = "requests" },
    { name = "tipcommon" },
]

[package.metadata]
requires-dist = [
    { name = "environmentcommon", path = "../../../../packages/envcommon/whls/EnvironmentCommon-1.0.1-py2.py3-none-any.whl" },
    { name = "pyjwt", specifier = "==2.9.0" },
    { name = "pyopenssl", specifier = "==24.2.1" },
    { name = "requests", specifier = "==2.32.4" },
    { name = "tipcommon", path = "../../../../packages/tipcommon/whls/TIPCommon-1.0.12-py2.py3-none-any.whl" },
]

[[package]]
name = "pycparser"
version = "3.0"
source = { registry = "https://pypi.org/simple" }
sdist = { url = "https://files.pythonhosted.org/packages/1b/7d/92392ff7815c21062bea51aa7b87d45576f649f16458d78b7cf94b9ab2e6/pycparser-3.0.tar.gz", hash = "sha256:600f49d217304a5902ac3c37e1281c9fe94e4d0489de643a9504c5cdfdfc6b29", size = 103492, upload-time = "2026-01-21T14:26:51.89Z" }
wheels = [
    { url = "https://files.pythonhosted.org/packages/0c/c3/44f3fbbfa403ea2a7c779186dc20772604442dde72947e7d01069cbe98e3/pycparser-3.0-py3-none-any.whl", hash = "sha256:b727414169a36b7d524c1c3e31839a521725078d7b2ff038656844266160a992", size = 48172, upload-time = "2026-01-21T14:26:50.693Z" },
]

[[package]]
name = "pyjwt"
version = "2.9.0"
source = { registry = "https://pypi.org/simple" }
sdist = { url = "https://files.pythonhosted.org/packages/fb/68/ce067f09fca4abeca8771fe667d89cc347d1e99da3e093112ac329c6020e/pyjwt-2.9.0.tar.gz", hash = "sha256:7e1e5b56cc735432a7369cbfa0efe50fa113ebecdc04ae6922deba8b84582d0c", size = 78825, upload-time = "2024-08-01T15:01:08.445Z" }
wheels = [
    { url = "https://files.pythonhosted.org/packages/79/84/0fdf9b18ba31d69877bd39c9cd6052b47f3761e9910c15de788e519f079f/PyJWT-2.9.0-py3-none-any.whl", hash = "sha256:3b02fb0f44517787776cf48f2ae25d8e14f300e6d7545a4315cee571a415e850", size = 22344, upload-time = "2024-08-01T15:01:06.481Z" },
]

[[package]]
name = "pyopenssl"
version = "24.2.1"
source = { registry = "https://pypi.org/simple" }
dependencies = [
    { name = "cryptography" },
]
sdist = { url = "https://files.pythonhosted.org/packages/5d/70/ff56a63248562e77c0c8ee4aefc3224258f1856977e0c1472672b62dadb8/pyopenssl-24.2.1.tar.gz", hash = "sha256:4247f0dbe3748d560dcbb2ff3ea01af0f9a1a001ef5f7c4c647956ed8cbf0e95", size = 184323, upload-time = "2024-07-20T17:26:31.252Z" }
wheels = [
    { url = "https://files.pythonhosted.org/packages/d9/dd/e0aa7ebef5168c75b772eda64978c597a9129b46be17779054652a7999e4/pyOpenSSL-24.2.1-py3-none-any.whl", hash = "sha256:967d5719b12b243588573f39b0c677637145c7a1ffedcd495a487e58177fbb8d", size = 58390, upload-time = "2024-07-20T17:26:29.057Z" },
]

[[package]]
name = "requests"
version = "2.32.4"
source = { registry = "https://pypi.org/simple" }
dependencies = [
    { name = "certifi" },
    { name = "charset-normalizer" },
    { name = "idna" },
    { name = "urllib3" },
]
sdist = { url = "https://files.pythonhosted.org/packages/e1/0a/929373653770d8a0d7ea76c37de6e41f11eb07559b103b1c02cafb3f7cf8/requests-2.32.4.tar.gz", hash = "sha256:27d0316682c8a29834d3264820024b62a36942083d52caf2f14c0591336d3422", size = 135258, upload-time = "2025-06-09T16:43:07.34Z" }
wheels = [
    { url = "https://files.pythonhosted.org/packages/7c/e4/56027c4a6b4ae70ca9de302488c5ca95ad4a39e190093d6c1a8ace08341b/requests-2.32.4-py3-none-any.whl", hash = "sha256:27babd3cda2a6d50b30443204ee89830707d396671944c998b5975b031ac2b2c", size = 64847, upload-time = "2025-06-09T16:43:05.728Z" },
]

[[package]]
name = "tipcommon"
version = "1.0.12"
source = { path = "../../../../packages/tipcommon/whls/TIPCommon-1.0.12-py2.py3-none-any.whl" }
dependencies = [
    { name = "chardet" },
    { name = "requests" },
]
wheels = [
    { filename = "tipcommon-1.0.12-py2.py3-none-any.whl", hash = "sha256:ac9c56a9ad2b6991a1ef2b4b927a18c13b145ffc9bb33b4e49dfda73b2964af8" },
]

[package.metadata]
requires-dist = [
    { name = "chardet" },
    { name = "requests" },
]

[[package]]
name = "urllib3"
version = "2.7.0"
source = { registry = "https://pypi.org/simple" }
sdist = { url = "https://files.pythonhosted.org/packages/53/0c/06f8b233b8fd13b9e5ee11424ef85419ba0d8ba0b3138bf360be2ff56953/urllib3-2.7.0.tar.gz", hash = "sha256:231e0ec3b63ceb14667c67be60f2f2c40a518cb38b03af60abc813da26505f4c", size = 433602, upload-time = "2026-05-07T16:13:18.596Z" }
wheels = [
    { url = "https://files.pythonhosted.org/packages/7f/3e/5db95bcf282c52709639744ca2a8b149baccf648e39c8cc87553df9eae0c/urllib3-2.7.0-py3-none-any.whl", hash = "sha256:9fb4c81ebbb1ce9531cce37674bbc6f1360472bc18ca9a553ede278ef7276897", size = 131087, upload-time = "2026-05-07T16:13:17.151Z" },
]
